<?xml version="1.0" encoding="utf-8"?>
<Project ToolsVersion="4.0" xmlns="http://schemas.microsoft.com/developer/msbuild/2003">
  <ItemGroup>
    <Filter Include="Source Files">
      <UniqueIdentifier>{4FC737F1-C7A5-4376-A066-2A32D752A2FF}</UniqueIdentifier>
      <Extensions>cpp;c;cc;cxx;def;odl;idl;hpj;bat;asm;asmx</Extensions>
    </Filter>
    <Filter Include="Resource Files">
      <UniqueIdentifier>{67DA6AB6-F800-4c08-8B7A-83BB121AAD01}</UniqueIdentifier>
      <Extensions>rc;ico;cur;bmp;dlg;rc2;rct;bin;rgs;gif;jpg;jpeg;jpe;resx;tiff;tif;png;wav;mfcribbon-ms</Extensions>
    </Filter>
    <Filter Include="Lexical Analysis">
      <UniqueIdentifier>{629d4ba7-8384-488d-8454-81c9607f7485}</UniqueIdentifier>
    </Filter>
    <Filter Include="Parser">
      <UniqueIdentifier>{8e48bc4e-f925-4e58-b109-2a4487a31533}</UniqueIdentifier>
    </Filter>
  </ItemGroup>
  <ItemGroup>
    <ClCompile Include="Main.cpp">
      <Filter>Source Files</Filter>
    </ClCompile>
    <ClCompile Include="Token.cpp">
      <Filter>Lexical Analysis</Filter>
    </ClCompile>
    <ClCompile Include="Parser.cpp">
      <Filter>Parser</Filter>
    </ClCompile>
  </ItemGroup>
  <ItemGroup>
    <ClInclude Include="Lexer.h">
      <Filter>Lexical Analysis</Filter>
    </ClInclude>
    <ClInclude Include="Token.h">
      <Filter>Lexical Analysis</Filter>
    </ClInclude>
    <ClInclude Include="LexerState.h">
      <Filter>Lexical Analysis</Filter>
    </ClInclude>
    <ClInclude Include="TokenType.h">
      <Filter>Lexical Analysis</Filter>
    </ClInclude>
    <ClInclude Include="TokenDataType.h">
      <Filter>Lexical Analysis</Filter>
    </ClInclude>
    <ClInclude Include="LexerFlags.h">
      <Filter>Lexical Analysis</Filter>
    </ClInclude>
    <ClInclude Include="Parser.h">
      <Filter>Parser</Filter>
    </ClInclude>
    <ClInclude Include="ParserDatabase.h">
      <Filter>Parser</Filter>
    </ClInclude>
  </ItemGroup>
</Project>