<?xml version="1.0" encoding="utf-8"?>
<Project ToolsVersion="4.0" xmlns="http://schemas.microsoft.com/developer/msbuild/2003">
  <ItemGroup>
    <Filter Include="Source Files">
      <UniqueIdentifier>{4FC737F1-C7A5-4376-A066-2A32D752A2FF}</UniqueIdentifier>
      <Extensions>cpp;c;cc;cxx;def;odl;idl;hpj;bat;asm;asmx</Extensions>
    </Filter>
    <Filter Include="Core">
      <UniqueIdentifier>{553e6e1b-aa59-4d1f-8c3f-3c4ff3a2ea8f}</UniqueIdentifier>
    </Filter>
    <Filter Include="Game">
      <UniqueIdentifier>{fa6f5241-ac21-4b3b-8b0f-19eb66b810ad}</UniqueIdentifier>
    </Filter>
    <Filter Include="CompilerInteraction">
      <UniqueIdentifier>{5c7e627c-8b8d-4845-9a32-0af6848297d4}</UniqueIdentifier>
    </Filter>
  </ItemGroup>
  <ItemGroup>
    <ClCompile Include="Main.cpp">
      <Filter>Source Files</Filter>
    </ClCompile>
    <ClCompile Include="GLCharacter.cpp">
      <Filter>Game</Filter>
    </ClCompile>
    <ClCompile Include="CharacterSprite.cpp">
      <Filter>Game</Filter>
    </ClCompile>
    <ClCompile Include="Image.cpp">
      <Filter>Core</Filter>
    </ClCompile>
    <ClCompile Include="SDLMaster.cpp">
      <Filter>Core</Filter>
    </ClCompile>
    <ClCompile Include="Font.cpp">
      <Filter>Core</Filter>
    </ClCompile>
  </ItemGroup>
  <ItemGroup>
    <ClInclude Include="CharacterSprite.h">
      <Filter>Game</Filter>
    </ClInclude>
    <ClInclude Include="GLCharacter.h">
      <Filter>Game</Filter>
    </ClInclude>
    <ClInclude Include="SDLMaster.h">
      <Filter>Core</Filter>
    </ClInclude>
    <ClInclude Include="Image.h">
      <Filter>Core</Filter>
    </ClInclude>
    <ClInclude Include="Font.h">
      <Filter>Core</Filter>
    </ClInclude>
  </ItemGroup>
</Project>